
Microsoft Visual Studio Solution File, Format Version 12.00
# Visual Studio 15
VisualStudioVersion = 15.0.26730.10
MinimumVisualStudioVersion = 10.0.40219.1
Project("{FAE04EC0-301F-11D3-BF4B-00C04F79EFBC}") = "MainConsoleTestProject", "MainConsoleTestProject\MainConsoleTestProject.csproj", "{8FA205D2-3A0D-40C8-B85E-E55BFE4A8D22}"
EndProject
Project("{888888A0-9F3D-457C-B088-3A5042F75D52}") = "WpfApplicationIronPythonTest", "WpfApplicationIronPythonTest\WpfApplicationIronPythonTest.pyproj", "{3011DDAD-6A60-43D1-A8D6-DF49429E4E41}"
EndProject
Project("{FAE04EC0-301F-11D3-BF4B-00C04F79EFBC}") = "WpfApp", "WpfApp\WpfApp.csproj", "{92CAF4F3-EFCA-4E09-9AEC-802F2B5DAEBA}"
EndProject
Global
	GlobalSection(SolutionConfigurationPlatforms) = preSolution
		Debug|Any CPU = Debug|Any CPU
		Release|Any CPU = Release|Any CPU
	EndGlobalSection
	GlobalSection(ProjectConfigurationPlatforms) = postSolution
		{8FA205D2-3A0D-40C8-B85E-E55BFE4A8D22}.Debug|Any CPU.ActiveCfg = Debug|Any CPU
		{8FA205D2-3A0D-40C8-B85E-E55BFE4A8D22}.Debug|Any CPU.Build.0 = Debug|Any CPU
		{8FA205D2-3A0D-40C8-B85E-E55BFE4A8D22}.Release|Any CPU.ActiveCfg = Release|Any CPU
		{8FA205D2-3A0D-40C8-B85E-E55BFE4A8D22}.Release|Any CPU.Build.0 = Release|Any CPU
		{3011DDAD-6A60-43D1-A8D6-DF49429E4E41}.Debug|Any CPU.ActiveCfg = Debug|Any CPU
		{3011DDAD-6A60-43D1-A8D6-DF49429E4E41}.Release|Any CPU.ActiveCfg = Release|Any CPU
		{92CAF4F3-EFCA-4E09-9AEC-802F2B5DAEBA}.Debug|Any CPU.ActiveCfg = Debug|Any CPU
		{92CAF4F3-EFCA-4E09-9AEC-802F2B5DAEBA}.Debug|Any CPU.Build.0 = Debug|Any CPU
		{92CAF4F3-EFCA-4E09-9AEC-802F2B5DAEBA}.Release|Any CPU.ActiveCfg = Release|Any CPU
		{92CAF4F3-EFCA-4E09-9AEC-802F2B5DAEBA}.Release|Any CPU.Build.0 = Release|Any CPU
	EndGlobalSection
	GlobalSection(SolutionProperties) = preSolution
		HideSolutionNode = FALSE
	EndGlobalSection
	GlobalSection(ExtensibilityGlobals) = postSolution
		SolutionGuid = {3AC0D432-206F-4198-A2EA-50A212B18F9F}
	EndGlobalSection
EndGlobal
