
Microsoft Visual Studio Solution File, Format Version 12.00
# Visual Studio 15
VisualStudioVersion = 15.0.27130.2036
MinimumVisualStudioVersion = 10.0.40219.1
Project("{FAE04EC0-301F-11D3-BF4B-00C04F79EFBC}") = "MainConsoleTestProject", "MainConsoleTestProject\MainConsoleTestProject.csproj", "{8FA205D2-3A0D-40C8-B85E-E55BFE4A8D22}"
EndProject
Project("{FAE04EC0-301F-11D3-BF4B-00C04F79EFBC}") = "WpfApp", "WpfApp\WpfApp.csproj", "{92CAF4F3-EFCA-4E09-9AEC-802F2B5DAEBA}"
EndProject
Project("{888888A0-9F3D-457C-B088-3A5042F75D52}") = "WpfIronPythonTest", "WpfIronPythonTest\WpfIronPythonTest.pyproj", "{BD3B961C-6259-4FF1-888D-2A4F96CEA83F}"
EndProject
Project("{888888A0-9F3D-457C-B088-3A5042F75D52}") = "TestPythonApplication", "TestPythonApplication\TestPythonApplication.pyproj", "{B93B6CDF-9B28-4E64-A469-F9093F5A54AF}"
EndProject
Project("{FAE04EC0-301F-11D3-BF4B-00C04F79EFBC}") = "Atkin", "Atkin\Atkin.csproj", "{6A743592-1207-49CA-B958-E7407DE2E9B6}"
EndProject
Project("{FAE04EC0-301F-11D3-BF4B-00C04F79EFBC}") = "Eratosfen", "Eratosfen\Eratosfen.csproj", "{4CD6F6CB-E8E7-4C3A-B333-EC4021C76E75}"
EndProject
Project("{FAE04EC0-301F-11D3-BF4B-00C04F79EFBC}") = "PetrovichTest", "PetrovichTest\PetrovichTest.csproj", "{BAEE5FEE-10B1-4542-A466-984D1EF5EF76}"
EndProject
Project("{FAE04EC0-301F-11D3-BF4B-00C04F79EFBC}") = "Test_001", "Test_001\Test_001.csproj", "{DA419495-9C7C-4729-A7CB-B83833DB5594}"
EndProject
Project("{FAE04EC0-301F-11D3-BF4B-00C04F79EFBC}") = "Test_002", "Test_002\Test_002.csproj", "{893928E5-CDA2-47D3-AB5F-E03CF92B38A6}"
EndProject
Project("{FAE04EC0-301F-11D3-BF4B-00C04F79EFBC}") = "WinLog", "WinLog\WinLog.csproj", "{4816C281-675C-46B1-9766-309AE9886BE0}"
EndProject
Project("{FAE04EC0-301F-11D3-BF4B-00C04F79EFBC}") = "MouseMove", "MouseMove\MouseMove.csproj", "{8DAEA837-64DD-49A8-ACA6-B7C3B2FF20CD}"
EndProject
Project("{FAE04EC0-301F-11D3-BF4B-00C04F79EFBC}") = "MonadApp", "MonadApp\MonadApp.csproj", "{B601D925-9C94-49F5-8AB9-96F57010E896}"
EndProject
Global
	GlobalSection(SolutionConfigurationPlatforms) = preSolution
		Debug|Any CPU = Debug|Any CPU
		Release|Any CPU = Release|Any CPU
	EndGlobalSection
	GlobalSection(ProjectConfigurationPlatforms) = postSolution
		{8FA205D2-3A0D-40C8-B85E-E55BFE4A8D22}.Debug|Any CPU.ActiveCfg = Debug|Any CPU
		{8FA205D2-3A0D-40C8-B85E-E55BFE4A8D22}.Debug|Any CPU.Build.0 = Debug|Any CPU
		{8FA205D2-3A0D-40C8-B85E-E55BFE4A8D22}.Release|Any CPU.ActiveCfg = Release|Any CPU
		{8FA205D2-3A0D-40C8-B85E-E55BFE4A8D22}.Release|Any CPU.Build.0 = Release|Any CPU
		{92CAF4F3-EFCA-4E09-9AEC-802F2B5DAEBA}.Debug|Any CPU.ActiveCfg = Debug|Any CPU
		{92CAF4F3-EFCA-4E09-9AEC-802F2B5DAEBA}.Debug|Any CPU.Build.0 = Debug|Any CPU
		{92CAF4F3-EFCA-4E09-9AEC-802F2B5DAEBA}.Release|Any CPU.ActiveCfg = Release|Any CPU
		{92CAF4F3-EFCA-4E09-9AEC-802F2B5DAEBA}.Release|Any CPU.Build.0 = Release|Any CPU
		{BD3B961C-6259-4FF1-888D-2A4F96CEA83F}.Debug|Any CPU.ActiveCfg = Debug|Any CPU
		{BD3B961C-6259-4FF1-888D-2A4F96CEA83F}.Release|Any CPU.ActiveCfg = Release|Any CPU
		{B93B6CDF-9B28-4E64-A469-F9093F5A54AF}.Debug|Any CPU.ActiveCfg = Debug|Any CPU
		{B93B6CDF-9B28-4E64-A469-F9093F5A54AF}.Release|Any CPU.ActiveCfg = Release|Any CPU
		{6A743592-1207-49CA-B958-E7407DE2E9B6}.Debug|Any CPU.ActiveCfg = Debug|Any CPU
		{6A743592-1207-49CA-B958-E7407DE2E9B6}.Debug|Any CPU.Build.0 = Debug|Any CPU
		{6A743592-1207-49CA-B958-E7407DE2E9B6}.Release|Any CPU.ActiveCfg = Release|Any CPU
		{6A743592-1207-49CA-B958-E7407DE2E9B6}.Release|Any CPU.Build.0 = Release|Any CPU
		{4CD6F6CB-E8E7-4C3A-B333-EC4021C76E75}.Debug|Any CPU.ActiveCfg = Debug|Any CPU
		{4CD6F6CB-E8E7-4C3A-B333-EC4021C76E75}.Debug|Any CPU.Build.0 = Debug|Any CPU
		{4CD6F6CB-E8E7-4C3A-B333-EC4021C76E75}.Release|Any CPU.ActiveCfg = Release|Any CPU
		{4CD6F6CB-E8E7-4C3A-B333-EC4021C76E75}.Release|Any CPU.Build.0 = Release|Any CPU
		{BAEE5FEE-10B1-4542-A466-984D1EF5EF76}.Debug|Any CPU.ActiveCfg = Debug|Any CPU
		{BAEE5FEE-10B1-4542-A466-984D1EF5EF76}.Debug|Any CPU.Build.0 = Debug|Any CPU
		{BAEE5FEE-10B1-4542-A466-984D1EF5EF76}.Release|Any CPU.ActiveCfg = Release|Any CPU
		{BAEE5FEE-10B1-4542-A466-984D1EF5EF76}.Release|Any CPU.Build.0 = Release|Any CPU
		{DA419495-9C7C-4729-A7CB-B83833DB5594}.Debug|Any CPU.ActiveCfg = Debug|Any CPU
		{DA419495-9C7C-4729-A7CB-B83833DB5594}.Debug|Any CPU.Build.0 = Debug|Any CPU
		{DA419495-9C7C-4729-A7CB-B83833DB5594}.Release|Any CPU.ActiveCfg = Release|Any CPU
		{DA419495-9C7C-4729-A7CB-B83833DB5594}.Release|Any CPU.Build.0 = Release|Any CPU
		{893928E5-CDA2-47D3-AB5F-E03CF92B38A6}.Debug|Any CPU.ActiveCfg = Debug|Any CPU
		{893928E5-CDA2-47D3-AB5F-E03CF92B38A6}.Debug|Any CPU.Build.0 = Debug|Any CPU
		{893928E5-CDA2-47D3-AB5F-E03CF92B38A6}.Release|Any CPU.ActiveCfg = Release|Any CPU
		{893928E5-CDA2-47D3-AB5F-E03CF92B38A6}.Release|Any CPU.Build.0 = Release|Any CPU
		{4816C281-675C-46B1-9766-309AE9886BE0}.Debug|Any CPU.ActiveCfg = Debug|Any CPU
		{4816C281-675C-46B1-9766-309AE9886BE0}.Debug|Any CPU.Build.0 = Debug|Any CPU
		{4816C281-675C-46B1-9766-309AE9886BE0}.Release|Any CPU.ActiveCfg = Release|Any CPU
		{4816C281-675C-46B1-9766-309AE9886BE0}.Release|Any CPU.Build.0 = Release|Any CPU
		{8DAEA837-64DD-49A8-ACA6-B7C3B2FF20CD}.Debug|Any CPU.ActiveCfg = Debug|Any CPU
		{8DAEA837-64DD-49A8-ACA6-B7C3B2FF20CD}.Debug|Any CPU.Build.0 = Debug|Any CPU
		{8DAEA837-64DD-49A8-ACA6-B7C3B2FF20CD}.Release|Any CPU.ActiveCfg = Release|Any CPU
		{8DAEA837-64DD-49A8-ACA6-B7C3B2FF20CD}.Release|Any CPU.Build.0 = Release|Any CPU
		{B601D925-9C94-49F5-8AB9-96F57010E896}.Debug|Any CPU.ActiveCfg = Debug|Any CPU
		{B601D925-9C94-49F5-8AB9-96F57010E896}.Debug|Any CPU.Build.0 = Debug|Any CPU
		{B601D925-9C94-49F5-8AB9-96F57010E896}.Release|Any CPU.ActiveCfg = Release|Any CPU
		{B601D925-9C94-49F5-8AB9-96F57010E896}.Release|Any CPU.Build.0 = Release|Any CPU
	EndGlobalSection
	GlobalSection(SolutionProperties) = preSolution
		HideSolutionNode = FALSE
	EndGlobalSection
	GlobalSection(ExtensibilityGlobals) = postSolution
		SolutionGuid = {3AC0D432-206F-4198-A2EA-50A212B18F9F}
	EndGlobalSection
EndGlobal
